<?xml version="1.0" encoding="utf-8"?>
<Project ToolsVersion="4.0" xmlns="http://schemas.microsoft.com/developer/msbuild/2003">
  <ItemGroup>
    <Filter Include="Scripts">
      <UniqueIdentifier>{B0B9C8A7-2F1D-4C31-9A6C-0D0C0F0A0001}</UniqueIdentifier>
    </Filter>
  </ItemGroup>
  <ItemGroup>
    <ClCompile Include="Scripts\**\*.cpp">
      <Filter>Scripts</Filter>
    </ClCompile>
    <ClInclude Include="Scripts\**\*.h">
      <Filter>Scripts</Filter>
    </ClInclude>
  </ItemGroup>
</Project>
