<?xml version="1.0" encoding="utf-8"?>
<Project ToolsVersion="4.0" xmlns="http://schemas.microsoft.com/developer/msbuild/2003">
  <ItemGroup>
    <Filter Include="Scripts">
      <UniqueIdentifier>{B0B9C8A7-2F1D-4C31-9A6C-0D0C0F0A0001}</UniqueIdentifier>
    </Filter>
  </ItemGroup>
  <ItemGroup>
    <ClCompile Include="Scripts\Dongho\Battlestats.cpp"><Filter>Scripts</Filter></ClCompile>
    <ClCompile Include="Scripts\Dongho\Building\BuffBuilding.cpp"><Filter>Scripts</Filter></ClCompile>
    <ClCompile Include="Scripts\Dongho\Building\Building.cpp"><Filter>Scripts</Filter></ClCompile>
    <ClCompile Include="Scripts\Dongho\Building\BuildingPoint.cpp"><Filter>Scripts</Filter></ClCompile>
    <ClCompile Include="Scripts\Dongho\Building\Buildingball.cpp"><Filter>Scripts</Filter></ClCompile>
    <ClCompile Include="Scripts\Dongho\Building\DebuffBuilding.cpp"><Filter>Scripts</Filter></ClCompile>
    <ClCompile Include="Scripts\Dongho\Building\HPBuilding.cpp"><Filter>Scripts</Filter></ClCompile>
    <ClCompile Include="Scripts\Dongho\Building\SnowBuilding.cpp"><Filter>Scripts</Filter></ClCompile>
    <ClCompile Include="Scripts\Dongho\Castle\Castle.cpp"><Filter>Scripts</Filter></ClCompile>
    <ClCompile Include="Scripts\Dongho\Castle\Castleball.cpp"><Filter>Scripts</Filter></ClCompile>
    <ClCompile Include="Scripts\Dongho\Enemy\Arrow.cpp"><Filter>Scripts</Filter></ClCompile>
    <ClCompile Include="Scripts\Dongho\Enemy\ArrowEnemy.cpp"><Filter>Scripts</Filter></ClCompile>
    <ClCompile Include="Scripts\Dongho\Enemy\Enemy.cpp"><Filter>Scripts</Filter></ClCompile>
    <ClCompile Include="Scripts\Dongho\Enemy\NormalEnemy.cpp"><Filter>Scripts</Filter></ClCompile>
    <ClCompile Include="Scripts\Dongho\Enemy\ThiefEnemy.cpp"><Filter>Scripts</Filter></ClCompile>
    <ClCompile Include="Scripts\Dongho\Manager\BattleManager.cpp"><Filter>Scripts</Filter></ClCompile>
    <ClCompile Include="Scripts\Dongho\Manager\BuildingManager.cpp"><Filter>Scripts</Filter></ClCompile>
    <ClCompile Include="Scripts\Dongho\Manager\EnemySpawner.cpp"><Filter>Scripts</Filter></ClCompile>
    <ClCompile Include="Scripts\Dongho\Manager\GameManager.cpp"><Filter>Scripts</Filter></ClCompile>
    <ClCompile Include="Scripts\Dongho\Player\Player.cpp"><Filter>Scripts</Filter></ClCompile>
    <ClCompile Include="Scripts\Dongho\Snow\Snowball.cpp"><Filter>Scripts</Filter></ClCompile>
    <ClCompile Include="Scripts\ExampleBehaviour.cpp"><Filter>Scripts</Filter></ClCompile>
    <ClCompile Include="Scripts\Mingi\EngineLogoStartAnim.cpp"><Filter>Scripts</Filter></ClCompile>
    <ClCompile Include="Scripts\Mingi\UI\CameraMove.cpp"><Filter>Scripts</Filter></ClCompile>
    <ClCompile Include="Scripts\Mingi\UI\FadeInOutFX.cpp"><Filter>Scripts</Filter></ClCompile>
    <ClCompile Include="Scripts\Mingi\UI\MiniMap.cpp"><Filter>Scripts</Filter></ClCompile>
    <ClCompile Include="Scripts\Mingi\UI\RotateTrakingUI.cpp"><Filter>Scripts</Filter></ClCompile>
    <ClCompile Include="Scripts\Mingi\UI\TitleMenu.cpp"><Filter>Scripts</Filter></ClCompile>
    <ClCompile Include="Scripts\Mingi\UI\TitleOpeningSequencer.cpp"><Filter>Scripts</Filter></ClCompile>
    <ClCompile Include="Scripts\Mingi\UI\WorldSpaceUI.cpp"><Filter>Scripts</Filter></ClCompile>
    <ClCompile Include="Scripts\Mingi\UI\WorldSpaceUISorter.cpp"><Filter>Scripts</Filter></ClCompile>
    <ClCompile Include="Scripts\Sunken\AnimResourceManager.cpp"><Filter>Scripts</Filter></ClCompile>
    <ClCompile Include="Scripts\Sunken\EnemyAnimController.cpp"><Filter>Scripts</Filter></ClCompile>
    <ClCompile Include="Scripts\Sunken\PlayerAnimController.cpp"><Filter>Scripts</Filter></ClCompile>
    <ClCompile Include="Scripts\UserScripts.gen.cpp"><Filter>Scripts</Filter></ClCompile>
    <ClCompile Include="Scripts\test\CastleManager.cpp"><Filter>Scripts</Filter></ClCompile>
    <ClCompile Include="Scripts\test\EnemyMove.cpp"><Filter>Scripts</Filter></ClCompile>
    <ClCompile Include="Scripts\test\MeshSize.cpp"><Filter>Scripts</Filter></ClCompile>
    <ClCompile Include="Scripts\test\PlayerController.cpp"><Filter>Scripts</Filter></ClCompile>
    <ClCompile Include="Scripts\test\PlayerMove.cpp"><Filter>Scripts</Filter></ClCompile>
    <ClCompile Include="Scripts\test\SnowBullet.cpp"><Filter>Scripts</Filter></ClCompile>
    <ClCompile Include="Scripts\test\SnowCollider.cpp"><Filter>Scripts</Filter></ClCompile>
    <ClCompile Include="Scripts\test\SnowTrigger.cpp"><Filter>Scripts</Filter></ClCompile>
    <ClCompile Include="Scripts\test\SnowballManager2.cpp"><Filter>Scripts</Filter></ClCompile>
    <ClCompile Include="Scripts\test\TileMap.cpp"><Filter>Scripts</Filter></ClCompile>
    <ClInclude Include="Scripts\Dongho\Battlestats.h"><Filter>Scripts</Filter></ClInclude>
    <ClInclude Include="Scripts\Dongho\Building\BuffBuilding.h"><Filter>Scripts</Filter></ClInclude>
    <ClInclude Include="Scripts\Dongho\Building\Building.h"><Filter>Scripts</Filter></ClInclude>
    <ClInclude Include="Scripts\Dongho\Building\BuildingPoint.h"><Filter>Scripts</Filter></ClInclude>
    <ClInclude Include="Scripts\Dongho\Building\Buildingball.h"><Filter>Scripts</Filter></ClInclude>
    <ClInclude Include="Scripts\Dongho\Building\DebuffBuilding.h"><Filter>Scripts</Filter></ClInclude>
    <ClInclude Include="Scripts\Dongho\Building\HPBuilding.h"><Filter>Scripts</Filter></ClInclude>
    <ClInclude Include="Scripts\Dongho\Building\SnowBuilding.h"><Filter>Scripts</Filter></ClInclude>
    <ClInclude Include="Scripts\Dongho\Castle\Castle.h"><Filter>Scripts</Filter></ClInclude>
    <ClInclude Include="Scripts\Dongho\Castle\Castleball.h"><Filter>Scripts</Filter></ClInclude>
    <ClInclude Include="Scripts\Dongho\Enemy\Arrow.h"><Filter>Scripts</Filter></ClInclude>
    <ClInclude Include="Scripts\Dongho\Enemy\ArrowEnemy.h"><Filter>Scripts</Filter></ClInclude>
    <ClInclude Include="Scripts\Dongho\Enemy\Enemy.h"><Filter>Scripts</Filter></ClInclude>
    <ClInclude Include="Scripts\Dongho\Enemy\NormalEnemy.h"><Filter>Scripts</Filter></ClInclude>
    <ClInclude Include="Scripts\Dongho\Enemy\ThiefEnemy.h"><Filter>Scripts</Filter></ClInclude>
    <ClInclude Include="Scripts\Dongho\Manager\BattleManager.h"><Filter>Scripts</Filter></ClInclude>
    <ClInclude Include="Scripts\Dongho\Manager\BuildingManager.h"><Filter>Scripts</Filter></ClInclude>
    <ClInclude Include="Scripts\Dongho\Manager\EnemySpawner.h"><Filter>Scripts</Filter></ClInclude>
    <ClInclude Include="Scripts\Dongho\Manager\GameManager.h"><Filter>Scripts</Filter></ClInclude>
    <ClInclude Include="Scripts\Dongho\Player\Player.h"><Filter>Scripts</Filter></ClInclude>
    <ClInclude Include="Scripts\Dongho\Snow\Snowball.h"><Filter>Scripts</Filter></ClInclude>
    <ClInclude Include="Scripts\ExampleBehaviour.h"><Filter>Scripts</Filter></ClInclude>
    <ClInclude Include="Scripts\Mingi\EngineLogoStartAnim.h"><Filter>Scripts</Filter></ClInclude>
    <ClInclude Include="Scripts\Mingi\UI\CameraMove.h"><Filter>Scripts</Filter></ClInclude>
    <ClInclude Include="Scripts\Mingi\UI\FadeInOutFX.h"><Filter>Scripts</Filter></ClInclude>
    <ClInclude Include="Scripts\Mingi\UI\MiniMap.h"><Filter>Scripts</Filter></ClInclude>
    <ClInclude Include="Scripts\Mingi\UI\RotateTrakingUI.h"><Filter>Scripts</Filter></ClInclude>
    <ClInclude Include="Scripts\Mingi\UI\TitleMenu.h"><Filter>Scripts</Filter></ClInclude>
    <ClInclude Include="Scripts\Mingi\UI\TitleOpeningSequencer.h"><Filter>Scripts</Filter></ClInclude>
    <ClInclude Include="Scripts\Mingi\UI\WorldSpaceUI.h"><Filter>Scripts</Filter></ClInclude>
    <ClInclude Include="Scripts\Mingi\UI\WorldSpaceUISorter.h"><Filter>Scripts</Filter></ClInclude>
    <ClInclude Include="Scripts\Sunken\AnimResourceManager.h"><Filter>Scripts</Filter></ClInclude>
    <ClInclude Include="Scripts\Sunken\EnemyAnimController.h"><Filter>Scripts</Filter></ClInclude>
    <ClInclude Include="Scripts\Sunken\PlayerAnimController.h"><Filter>Scripts</Filter></ClInclude>
    <ClInclude Include="Scripts\test\CastleManager.h"><Filter>Scripts</Filter></ClInclude>
    <ClInclude Include="Scripts\test\EnemyMove.h"><Filter>Scripts</Filter></ClInclude>
    <ClInclude Include="Scripts\test\MeshSize.h"><Filter>Scripts</Filter></ClInclude>
    <ClInclude Include="Scripts\test\PlayerController.h"><Filter>Scripts</Filter></ClInclude>
    <ClInclude Include="Scripts\test\PlayerMove.h"><Filter>Scripts</Filter></ClInclude>
    <ClInclude Include="Scripts\test\SnowBullet.h"><Filter>Scripts</Filter></ClInclude>
    <ClInclude Include="Scripts\test\SnowCollider.h"><Filter>Scripts</Filter></ClInclude>
    <ClInclude Include="Scripts\test\SnowTrigger.h"><Filter>Scripts</Filter></ClInclude>
    <ClInclude Include="Scripts\test\SnowballManager2.h"><Filter>Scripts</Filter></ClInclude>
    <ClInclude Include="Scripts\test\TileMap.h"><Filter>Scripts</Filter></ClInclude>
  </ItemGroup>
</Project>
